# This file is automatically @generated by Cargo.
# It is not intended for manual editing.
version = 3

[[package]]
name = "brush-core"
version = "0.1.0"

[[package]]
name = "hashline"
version = "0.1.0"

[[package]]
name = "pi-ast"
version = "0.1.0"
dependencies = [
 "pi-builtins",
]

[[package]]
name = "pi-builtins"
version = "0.1.0"

[[package]]
name = "pi-dap"
version = "0.1.0"
dependencies = [
 "pi-lsp",
 "pi-sys",
]

[[package]]
name = "pi-ffi"
version = "0.1.0"
dependencies = [
 "pi-natives",
]

[[package]]
name = "pi-iso"
version = "0.1.0"
dependencies = [
 "pi-builtins",
]

[[package]]
name = "pi-lsp"
version = "0.1.0"
dependencies = [
 "pi-builtins",
]

[[package]]
name = "pi-mnemopi"
version = "0.1.0"

[[package]]
name = "pi-natives"
version = "0.1.0"
dependencies = [
 "brush-core",
 "hashline",
 "pi-ast",
 "pi-builtins",
 "pi-dap",
 "pi-iso",
 "pi-lsp",
 "pi-mnemopi",
 "pi-shell",
 "pi-sys",
 "pi-tokens",
 "pi-voice",
 "pi-walker",
 "snapcompact",
]

[[package]]
name = "pi-shell"
version = "0.1.0"
dependencies = [
 "pi-builtins",
]

[[package]]
name = "pi-sys"
version = "0.1.0"

[[package]]
name = "pi-tokens"
version = "0.1.0"

[[package]]
name = "pi-voice"
version = "0.1.0"

[[package]]
name = "pi-walker"
version = "0.1.0"

[[package]]
name = "snapcompact"
version = "0.1.0"
dependencies = [
 "pi-builtins",
]
